# THIS IS AN AUTOGENERATED FILE. DO NOT EDIT THIS FILE DIRECTLY.
# yarn lockfile v1


"@cspotcode/source-map-support@^0.8.0":
  "integrity" "sha512-IchNf6dN4tHoMFIn/7OE8LWZ19Y6q/67Bmf6vnGREv8RSbBVb9LPJxEcnwrcwX6ixSvaiGoomAUvu4YSxXrVgw=="
  "resolved" "https://registry.npmjs.org/@cspotcode/source-map-support/-/source-map-support-0.8.1.tgz"
  "version" "0.8.1"
  dependencies:
    "@jridgewell/trace-mapping" "0.3.9"

"@jridgewell/resolve-uri@^3.0.3":
  "integrity" "sha512-F2msla3tad+Mfht5cJq7LSXcdudKTWCVYUgw6pLFOOHSTtZlj6SWNYAp+AhuqLmWdBO2X5hPrLcu8cVP8fy28w=="
  "resolved" "https://registry.npmjs.org/@jridgewell/resolve-uri/-/resolve-uri-3.1.0.tgz"
  "version" "3.1.0"

"@jridgewell/sourcemap-codec@^1.4.10":
  "integrity" "sha512-XPSJHWmi394fuUuzDnGz1wiKqWfo1yXecHQMRf2l6hztTO+nPru658AyDngaBe7isIxEkRsPR3FZh+s7iVa4Uw=="
  "resolved" "https://registry.npmjs.org/@jridgewell/sourcemap-codec/-/sourcemap-codec-1.4.14.tgz"
  "version" "1.4.14"

"@jridgewell/trace-mapping@0.3.9":
  "integrity" "sha512-3Belt6tdc8bPgAtbcmdtNJlirVoTmEb5e2gC94PnkwEW9jI6CAHUeoG85tjWP5WquqfavoMtMwiG4P926ZKKuQ=="
  "resolved" "https://registry.npmjs.org/@jridgewell/trace-mapping/-/trace-mapping-0.3.9.tgz"
  "version" "0.3.9"
  dependencies:
    "@jridgewell/resolve-uri" "^3.0.3"
    "@jridgewell/sourcemap-codec" "^1.4.10"

"@tsconfig/node10@^1.0.7":
  "integrity" "sha512-jNsYVVxU8v5g43Erja32laIDHXeoNvFEpX33OK4d6hljo3jDhCBDhx5dhCCTMWUojscpAagGiRkBKxpdl9fxqA=="
  "resolved" "https://registry.npmjs.org/@tsconfig/node10/-/node10-1.0.9.tgz"
  "version" "1.0.9"

"@tsconfig/node12@^1.0.7":
  "integrity" "sha512-cqefuRsh12pWyGsIoBKJA9luFu3mRxCA+ORZvA4ktLSzIuCUtWVxGIuXigEwO5/ywWFMZ2QEGKWvkZG1zDMTag=="
  "resolved" "https://registry.npmjs.org/@tsconfig/node12/-/node12-1.0.11.tgz"
  "version" "1.0.11"

"@tsconfig/node14@^1.0.0":
  "integrity" "sha512-ysT8mhdixWK6Hw3i1V2AeRqZ5WfXg1G43mqoYlM2nc6388Fq5jcXyr5mRsqViLx/GJYdoL0bfXD8nmF+Zn/Iow=="
  "resolved" "https://registry.npmjs.org/@tsconfig/node14/-/node14-1.0.3.tgz"
  "version" "1.0.3"

"@tsconfig/node16@^1.0.2":
  "integrity" "sha512-yOlFc+7UtL/89t2ZhjPvvB/DeAr3r+Dq58IgzsFkOAvVC6NMJXmCGjbptdXdR9qsX7pKcTL+s87FtYREi2dEEQ=="
  "resolved" "https://registry.npmjs.org/@tsconfig/node16/-/node16-1.0.3.tgz"
  "version" "1.0.3"

"@types/node@*", "@types/node@^18.8.5":
  "integrity" "sha512-Bq7G3AErwe5A/Zki5fdD3O6+0zDChhg671NfPjtIcbtzDNZTv4NPKMRFr7gtYPG7y+B8uTiNK4Ngd9T0FTar6Q=="
  "resolved" "https://registry.npmjs.org/@types/node/-/node-18.8.5.tgz"
  "version" "18.8.5"

"accepts@^1.3.5":
  "integrity" "sha512-PYAthTa2m2VKxuvSD3DPC/Gy+U+sOA1LAuT8mkmRuvw+NACSaeXEQ+NHcVF7rONl6qcaxV3Uuemwawk+7+SJLw=="
  "resolved" "https://registry.npmjs.org/accepts/-/accepts-1.3.8.tgz"
  "version" "1.3.8"
  dependencies:
    "mime-types" "~2.1.34"
    "negotiator" "0.6.3"

"acorn-walk@^8.1.1":
  "integrity" "sha512-k+iyHEuPgSw6SbuDpGQM+06HQUa04DZ3o+F6CSzXMvvI5KMvnaEqXe+YVe555R9nn6GPt404fos4wcgpw12SDA=="
  "resolved" "https://registry.npmjs.org/acorn-walk/-/acorn-walk-8.2.0.tgz"
  "version" "8.2.0"

"acorn@^8.4.1":
  "integrity" "sha512-QOxyigPVrpZ2GXT+PFyZTl6TtOFc5egxHIP9IlQ+RbupQuX4RkT/Bee4/kQuC02Xkzg84JcT7oLYtDIQxp+v7w=="
  "resolved" "https://registry.npmjs.org/acorn/-/acorn-8.8.0.tgz"
  "version" "8.8.0"

"arg@^4.1.0":
  "integrity" "sha512-58S9QDqG0Xx27YwPSt9fJxivjYl432YCwfDMfZ+71RAqUrZef7LrKQZ3LHLOwCS4FLNBplP533Zx895SeOCHvA=="
  "resolved" "https://registry.npmjs.org/arg/-/arg-4.1.3.tgz"
  "version" "4.1.3"

"async-ratelimiter@^1.3.0":
  "integrity" "sha512-lJWP/EIIeBIDfio1LFotP7xEISr4CNBgBu0Q8MLTVSm46/koNmSYI8Atf8VNg3AQf9YLn8IKvLndpDYyjk9uvQ=="
  "resolved" "https://registry.npmjs.org/async-ratelimiter/-/async-ratelimiter-1.3.4.tgz"
  "version" "1.3.4"

"balanced-match@^1.0.0":
  "integrity" "sha512-3oSeUO0TMV67hN1AmbXsK4yaqU7tjiHlbxRDZOpH0KW9+CeX4bRAaX0Anxt0tx2MrpRpWwQaPwIlISEJhYU5Pw=="
  "resolved" "https://registry.npmjs.org/balanced-match/-/balanced-match-1.0.2.tgz"
  "version" "1.0.2"

"brace-expansion@^2.0.1":
  "integrity" "sha512-XnAIvQ8eM+kC6aULx6wuQiwVsnzsi9d3WxzV3FpWTGA19F621kwdbsAcFKXgKUHZWsy+mY6iL1sHTxWEFCytDA=="
  "resolved" "https://registry.npmjs.org/brace-expansion/-/brace-expansion-2.0.1.tgz"
  "version" "2.0.1"
  dependencies:
    "balanced-match" "^1.0.0"

"bytes@3.1.2":
  "integrity" "sha512-/Nf7TyzTx6S3yRJObOAV7956r8cr2+Oj8AC5dt8wSP3BQAoeX58NoHyCU8P8zGkNXStjTSi6fzO6F0pBdcYbEg=="
  "resolved" "https://registry.npmjs.org/bytes/-/bytes-3.1.2.tgz"
  "version" "3.1.2"

"cache-content-type@^1.0.0":
  "integrity" "sha512-IKufZ1o4Ut42YUrZSo8+qnMTrFuKkvyoLXUywKz9GJ5BrhOFGhLdkx9sG4KAnVvbY6kEcSFjLQul+DVmBm2bgA=="
  "resolved" "https://registry.npmjs.org/cache-content-type/-/cache-content-type-1.0.1.tgz"
  "version" "1.0.1"
  dependencies:
    "mime-types" "^2.1.18"
    "ylru" "^1.2.0"

"call-bind@^1.0.0":
  "integrity" "sha512-7O+FbCihrB5WGbFYesctwmTKae6rOiIzmz1icreWJ+0aA7LJfuqhEso2T9ncpcFtzMQtzXf2QGGueWJGTYsqrA=="
  "resolved" "https://registry.npmjs.org/call-bind/-/call-bind-1.0.2.tgz"
  "version" "1.0.2"
  dependencies:
    "function-bind" "^1.1.1"
    "get-intrinsic" "^1.0.2"

"co-body@^6.0.0":
  "integrity" "sha512-m7pOT6CdLN7FuXUcpuz/8lfQ/L77x8SchHCF4G0RBTJO20Wzmhn5Sp4/5WsKy8OSpifBSUrmg83qEqaDHdyFuQ=="
  "resolved" "https://registry.npmjs.org/co-body/-/co-body-6.1.0.tgz"
  "version" "6.1.0"
  dependencies:
    "inflation" "^2.0.0"
    "qs" "^6.5.2"
    "raw-body" "^2.3.3"
    "type-is" "^1.6.16"

"co@^4.6.0":
  "integrity" "sha512-QVb0dM5HvG+uaxitm8wONl7jltx8dqhfU33DcqtOZcLSVIKSDDLDi7+0LbAKiyI8hD9u42m2YxXSkMGWThaecQ=="
  "resolved" "https://registry.npmjs.org/co/-/co-4.6.0.tgz"
  "version" "4.6.0"

"content-disposition@~0.5.2":
  "integrity" "sha512-FveZTNuGw04cxlAiWbzi6zTAL/lhehaWbTtgluJh4/E95DqMwTmha3KZN1aAWA8cFIhHzMZUvLevkw5Rqk+tSQ=="
  "resolved" "https://registry.npmjs.org/content-disposition/-/content-disposition-0.5.4.tgz"
  "version" "0.5.4"
  dependencies:
    "safe-buffer" "5.2.1"

"content-type@^1.0.4":
  "integrity" "sha512-hIP3EEPs8tB9AT1L+NUqtwOAps4mk2Zob89MWXMHjHWg9milF/j4osnnQLXBCBFBk/tvIG/tUc9mOUJiPBhPXA=="
  "resolved" "https://registry.npmjs.org/content-type/-/content-type-1.0.4.tgz"
  "version" "1.0.4"

"cookies@~0.8.0":
  "integrity" "sha512-8aPsApQfebXnuI+537McwYsDtjVxGm8gTIzQI3FDW6t5t/DAhERxtnbEPN/8RX+uZthoz4eCOgloXaE5cYyNow=="
  "resolved" "https://registry.npmjs.org/cookies/-/cookies-0.8.0.tgz"
  "version" "0.8.0"
  dependencies:
    "depd" "~2.0.0"
    "keygrip" "~1.1.0"

"copy-to@^2.0.1":
  "integrity" "sha512-3DdaFaU/Zf1AnpLiFDeNCD4TOWe3Zl2RZaTzUvWiIk5ERzcCodOE20Vqq4fzCbNoHURFHT4/us/Lfq+S2zyY4w=="
  "resolved" "https://registry.npmjs.org/copy-to/-/copy-to-2.0.1.tgz"
  "version" "2.0.1"

"create-require@^1.1.0":
  "integrity" "sha512-dcKFX3jn0MpIaXjisoRvexIJVEKzaq7z2rZKxf+MSr9TkdmHmsU4m2lcLojrj/FHl8mk5VxMmYA+ftRkP/3oKQ=="
  "resolved" "https://registry.npmjs.org/create-require/-/create-require-1.1.1.tgz"
  "version" "1.1.1"

"debug@^4.1.1", "debug@^4.3.2":
  "integrity" "sha512-PRWFHuSU3eDtQJPvnNY7Jcket1j0t5OuOsFzPPzsekD52Zl8qUfFIPEiswXqIvHWGVHOgX+7G/vCNNhehwxfkQ=="
  "resolved" "https://registry.npmjs.org/debug/-/debug-4.3.4.tgz"
  "version" "4.3.4"
  dependencies:
    "ms" "2.1.2"

"deep-equal@~1.0.1":
  "integrity" "sha512-bHtC0iYvWhyaTzvV3CZgPeZQqCOBGyGsVV7v4eevpdkLHfiSrXUdBG+qAuSz4RI70sszvjQ1QSZ98An1yNwpSw=="
  "resolved" "https://registry.npmjs.org/deep-equal/-/deep-equal-1.0.1.tgz"
  "version" "1.0.1"

"delegates@^1.0.0":
  "integrity" "sha512-bd2L678uiWATM6m5Z1VzNCErI3jiGzt6HGY8OVICs40JQq/HALfbyNJmp0UDakEY4pMMaN0Ly5om/B1VI/+xfQ=="
  "resolved" "https://registry.npmjs.org/delegates/-/delegates-1.0.0.tgz"
  "version" "1.0.0"

"depd@^2.0.0", "depd@~2.0.0", "depd@2.0.0":
  "integrity" "sha512-g7nH6P6dyDioJogAAGprGpCtVImJhpPk/roCzdb3fIh61/s/nPsfR6onyMwkCAR/OlC3yBC0lESvUoQEAssIrw=="
  "resolved" "https://registry.npmjs.org/depd/-/depd-2.0.0.tgz"
  "version" "2.0.0"

"depd@~1.1.2":
  "integrity" "sha512-7emPTl6Dpo6JRXOXjLRxck+FlLRX5847cLKEn00PLAgc3g2hTZZgr+e4c2v6QpSmLeFP3n5yUo7ft6avBK/5jQ=="
  "resolved" "https://registry.npmjs.org/depd/-/depd-1.1.2.tgz"
  "version" "1.1.2"

"destroy@^1.0.4":
  "integrity" "sha512-2sJGJTaXIIaR1w4iJSNoN0hnMY7Gpc/n8D4qSCJw8QqFWXf7cuAgnEHxBpweaVcPevC2l3KpjYCx3NypQQgaJg=="
  "resolved" "https://registry.npmjs.org/destroy/-/destroy-1.2.0.tgz"
  "version" "1.2.0"

"diff@^4.0.1":
  "integrity" "sha512-58lmxKSA4BNyLz+HHMUzlOEpg09FV+ev6ZMe3vJihgdxzgcwZ8VoEEPmALCZG9LmqfVoNMMKpttIYTVG6uDY7A=="
  "resolved" "https://registry.npmjs.org/diff/-/diff-4.0.2.tgz"
  "version" "4.0.2"

"ee-first@1.1.1":
  "integrity" "sha512-WMwm9LhRUo+WUaRN+vRuETqG89IgZphVSNkdFgeb6sS/E4OrDIN7t48CAewSHXc6C8lefD8KKfr5vY61brQlow=="
  "resolved" "https://registry.npmjs.org/ee-first/-/ee-first-1.1.1.tgz"
  "version" "1.1.1"

"encodeurl@^1.0.2":
  "integrity" "sha512-TPJXq8JqFaVYm2CWmPvnP2Iyo4ZSM7/QKcSmuMLDObfpH5fi7RUGmd/rTDf+rut/saiDiQEeVTNgAmJEdAOx0w=="
  "resolved" "https://registry.npmjs.org/encodeurl/-/encodeurl-1.0.2.tgz"
  "version" "1.0.2"

"escape-html@^1.0.3":
  "integrity" "sha512-NiSupZ4OeuGwr68lGIeym/ksIZMJodUGOSCZ/FSnTxcrekbvqrgdUxlJOMpijaKZVjAJrWrGs/6Jy8OMuyj9ow=="
  "resolved" "https://registry.npmjs.org/escape-html/-/escape-html-1.0.3.tgz"
  "version" "1.0.3"

"fresh@~0.5.2":
  "integrity" "sha512-zJ2mQYM18rEFOudeV4GShTGIQ7RbzA7ozbU9I/XBpm7kqgMywgmylMwXHxZJmkVoYkna9d2pVXVXPdYTP9ej8Q=="
  "resolved" "https://registry.npmjs.org/fresh/-/fresh-0.5.2.tgz"
  "version" "0.5.2"

"fs.realpath@^1.0.0":
  "integrity" "sha512-OO0pH2lK6a0hZnAdau5ItzHPI6pUlvI7jMVnxUQRtw4owF2wk8lOSabtGDCTP4Ggrg2MbGnWO9X8K1t4+fGMDw=="
  "resolved" "https://registry.npmjs.org/fs.realpath/-/fs.realpath-1.0.0.tgz"
  "version" "1.0.0"

"function-bind@^1.1.1":
  "integrity" "sha512-yIovAzMX49sF8Yl58fSCWJ5svSLuaibPxXQJFLmBObTuCr0Mf1KiPopGM9NiFjiYBCbfaa2Fh6breQ6ANVTI0A=="
  "resolved" "https://registry.npmjs.org/function-bind/-/function-bind-1.1.1.tgz"
  "version" "1.1.1"

"get-intrinsic@^1.0.2":
  "integrity" "sha512-QJVz1Tj7MS099PevUG5jvnt9tSkXN8K14dxQlikJuPt4uD9hHAHjLyLBiLR5zELelBdD9QNRAXZzsJx0WaDL9A=="
  "resolved" "https://registry.npmjs.org/get-intrinsic/-/get-intrinsic-1.1.3.tgz"
  "version" "1.1.3"
  dependencies:
    "function-bind" "^1.1.1"
    "has" "^1.0.3"
    "has-symbols" "^1.0.3"

"glob@^8.0.3":
  "integrity" "sha512-ull455NHSHI/Y1FqGaaYFaLGkNMMJbavMrEGFXG/PGrg6y7sutWHUHrz6gy6WEBH6akM1M414dWKCNs+IhKdiQ=="
  "resolved" "https://registry.npmjs.org/glob/-/glob-8.0.3.tgz"
  "version" "8.0.3"
  dependencies:
    "fs.realpath" "^1.0.0"
    "inflight" "^1.0.4"
    "inherits" "2"
    "minimatch" "^5.0.1"
    "once" "^1.3.0"

"has-symbols@^1.0.2", "has-symbols@^1.0.3":
  "integrity" "sha512-l3LCuF6MgDNwTDKkdYGEihYjt5pRPbEg46rtlmnSPlUbgmB8LOIrKJbYYFBSbnPaJexMKtiPO8hmeRjRz2Td+A=="
  "resolved" "https://registry.npmjs.org/has-symbols/-/has-symbols-1.0.3.tgz"
  "version" "1.0.3"

"has-tostringtag@^1.0.0":
  "integrity" "sha512-kFjcSNhnlGV1kyoGk7OXKSawH5JOb/LzUc5w9B02hOTO0dfFRjbHQKvg1d6cf3HbeUmtU9VbbV3qzZ2Teh97WQ=="
  "resolved" "https://registry.npmjs.org/has-tostringtag/-/has-tostringtag-1.0.0.tgz"
  "version" "1.0.0"
  dependencies:
    "has-symbols" "^1.0.2"

"has@^1.0.3":
  "integrity" "sha512-f2dvO0VU6Oej7RkWJGrehjbzMAjFp5/VKPp5tTpWIV4JHHZK1/BxbFRtf/siA2SWTe09caDmVtYYzWEIbBS4zw=="
  "resolved" "https://registry.npmjs.org/has/-/has-1.0.3.tgz"
  "version" "1.0.3"
  dependencies:
    "function-bind" "^1.1.1"

"http-assert@^1.3.0":
  "integrity" "sha512-uPpH7OKX4H25hBmU6G1jWNaqJGpTXxey+YOUizJUAgu0AjLUeC8D73hTrhvDS5D+GJN1DN1+hhc/eF/wpxtp0w=="
  "resolved" "https://registry.npmjs.org/http-assert/-/http-assert-1.5.0.tgz"
  "version" "1.5.0"
  dependencies:
    "deep-equal" "~1.0.1"
    "http-errors" "~1.8.0"

"http-errors@^1.6.3", "http-errors@~1.8.0":
  "integrity" "sha512-Kpk9Sm7NmI+RHhnj6OIWDI1d6fIoFAtFt9RLaTMRlg/8w49juAStsrBgp0Dp4OdxdVbRIeKhtCUvoi/RuAhO4g=="
  "resolved" "https://registry.npmjs.org/http-errors/-/http-errors-1.8.1.tgz"
  "version" "1.8.1"
  dependencies:
    "depd" "~1.1.2"
    "inherits" "2.0.4"
    "setprototypeof" "1.2.0"
    "statuses" ">= 1.5.0 < 2"
    "toidentifier" "1.0.1"

"http-errors@^2.0.0":
  "integrity" "sha512-FtwrG/euBzaEjYeRqOgly7G0qviiXoJWnvEH2Z1plBdXgbyjv34pHTSb9zoeHMyDy33+DWy5Wt9Wo+TURtOYSQ=="
  "resolved" "https://registry.npmjs.org/http-errors/-/http-errors-2.0.0.tgz"
  "version" "2.0.0"
  dependencies:
    "depd" "2.0.0"
    "inherits" "2.0.4"
    "setprototypeof" "1.2.0"
    "statuses" "2.0.1"
    "toidentifier" "1.0.1"

"http-errors@2.0.0":
  "integrity" "sha512-FtwrG/euBzaEjYeRqOgly7G0qviiXoJWnvEH2Z1plBdXgbyjv34pHTSb9zoeHMyDy33+DWy5Wt9Wo+TURtOYSQ=="
  "resolved" "https://registry.npmjs.org/http-errors/-/http-errors-2.0.0.tgz"
  "version" "2.0.0"
  dependencies:
    "depd" "2.0.0"
    "inherits" "2.0.4"
    "setprototypeof" "1.2.0"
    "statuses" "2.0.1"
    "toidentifier" "1.0.1"

"iconv-lite@0.4.24":
  "integrity" "sha512-v3MXnZAcvnywkTUEZomIActle7RXXeedOR31wwl7VlyoXO4Qi9arvSenNQWne1TcRwhCL1HwLI21bEqdpj8/rA=="
  "resolved" "https://registry.npmjs.org/iconv-lite/-/iconv-lite-0.4.24.tgz"
  "version" "0.4.24"
  dependencies:
    "safer-buffer" ">= 2.1.2 < 3"

"inflation@^2.0.0":
  "integrity" "sha512-m3xv4hJYR2oXw4o4Y5l6P5P16WYmazYof+el6Al3f+YlggGj6qT9kImBAnzDelRALnP5d3h4jGBPKzYCizjZZw=="
  "resolved" "https://registry.npmjs.org/inflation/-/inflation-2.0.0.tgz"
  "version" "2.0.0"

"inflight@^1.0.4":
  "integrity" "sha512-k92I/b08q4wvFscXCLvqfsHCrjrF7yiXsQuIVvVE7N82W3+aqpzuUdBbfhWcy/FZR3/4IgflMgKLOsvPDrGCJA=="
  "resolved" "https://registry.npmjs.org/inflight/-/inflight-1.0.6.tgz"
  "version" "1.0.6"
  dependencies:
    "once" "^1.3.0"
    "wrappy" "1"

"inherits@2", "inherits@2.0.4":
  "integrity" "sha512-k/vGaX4/Yla3WzyMCvTQOXYeIHvqOKtnqBduzTHpzpQZzAskKMhZ2K+EnBiSM9zGSoIFeMpXKxa4dYeZIQqewQ=="
  "resolved" "https://registry.npmjs.org/inherits/-/inherits-2.0.4.tgz"
  "version" "2.0.4"

"is-generator-function@^1.0.7":
  "integrity" "sha512-jsEjy9l3yiXEQ+PsXdmBwEPcOxaXWLspKdplFUVI9vq1iZgIekeC0L167qeu86czQaxed3q/Uzuw0swL0irL8A=="
  "resolved" "https://registry.npmjs.org/is-generator-function/-/is-generator-function-1.0.10.tgz"
  "version" "1.0.10"
  dependencies:
    "has-tostringtag" "^1.0.0"

"keygrip@~1.1.0":
  "integrity" "sha512-iYSchDJ+liQ8iwbSI2QqsQOvqv58eJCEanyJPJi+Khyu8smkcKSFUCbPwzFcL7YVtZ6eONjqRX/38caJ7QjRAQ=="
  "resolved" "https://registry.npmjs.org/keygrip/-/keygrip-1.1.0.tgz"
  "version" "1.1.0"
  dependencies:
    "tsscmp" "1.0.6"

"koa-bodyparser@^4.3.0":
  "integrity" "sha512-uyV8G29KAGwZc4q/0WUAjH+Tsmuv9ImfBUF2oZVyZtaeo0husInagyn/JH85xMSxM0hEk/mbCII5ubLDuqW/Rw=="
  "resolved" "https://registry.npmjs.org/koa-bodyparser/-/koa-bodyparser-4.3.0.tgz"
  "version" "4.3.0"
  dependencies:
    "co-body" "^6.0.0"
    "copy-to" "^2.0.1"

"koa-compose@^4.1.0":
  "integrity" "sha512-8ODW8TrDuMYvXRwra/Kh7/rJo9BtOfPc6qO8eAfC80CnCvSjSl0bkRM24X6/XBBEyj0v1nRUQ1LyOy3dbqOWXw=="
  "resolved" "https://registry.npmjs.org/koa-compose/-/koa-compose-4.1.0.tgz"
  "version" "4.1.0"

"koa-convert@^2.0.0":
  "integrity" "sha512-asOvN6bFlSnxewce2e/DK3p4tltyfC4VM7ZwuTuepI7dEQVcvpyFuBcEARu1+Hxg8DIwytce2n7jrZtRlPrARA=="
  "resolved" "https://registry.npmjs.org/koa-convert/-/koa-convert-2.0.0.tgz"
  "version" "2.0.0"
  dependencies:
    "co" "^4.6.0"
    "koa-compose" "^4.1.0"

"koa-ratelimit@^5.0.1":
  "integrity" "sha512-H7IEkNS/b18Uwtm3RIvAK3orJE8ew8wEBsnezlQWz7GTWqEnDtbTNfTedVXjj07gyh8gWTkEdODEXRquGCBqmg=="
  "resolved" "https://registry.npmjs.org/koa-ratelimit/-/koa-ratelimit-5.0.1.tgz"
  "version" "5.0.1"
  dependencies:
    "async-ratelimiter" "^1.3.0"
    "debug" "^4.1.1"
    "ms" "^2.1.2"

"koa-router@^12.0.0":
  "integrity" "sha512-zGrdiXygGYW8WvrzeGsHZvKnHs4DzyGoqJ9a8iHlRkiwuEAOAPyI27//OlhoWdgFAEIM3qbUgr0KCuRaP/TCag=="
  "resolved" "https://registry.npmjs.org/koa-router/-/koa-router-12.0.0.tgz"
  "version" "12.0.0"
  dependencies:
    "http-errors" "^2.0.0"
    "koa-compose" "^4.1.0"
    "methods" "^1.1.2"
    "path-to-regexp" "^6.2.1"

"koa@^2.13.4":
  "integrity" "sha512-43zkIKubNbnrULWlHdN5h1g3SEKXOEzoAlRsHOTFpnlDu8JlAOZSMJBLULusuXRequboiwJcj5vtYXKB3k7+2g=="
  "resolved" "https://registry.npmjs.org/koa/-/koa-2.13.4.tgz"
  "version" "2.13.4"
  dependencies:
    "accepts" "^1.3.5"
    "cache-content-type" "^1.0.0"
    "content-disposition" "~0.5.2"
    "content-type" "^1.0.4"
    "cookies" "~0.8.0"
    "debug" "^4.3.2"
    "delegates" "^1.0.0"
    "depd" "^2.0.0"
    "destroy" "^1.0.4"
    "encodeurl" "^1.0.2"
    "escape-html" "^1.0.3"
    "fresh" "~0.5.2"
    "http-assert" "^1.3.0"
    "http-errors" "^1.6.3"
    "is-generator-function" "^1.0.7"
    "koa-compose" "^4.1.0"
    "koa-convert" "^2.0.0"
    "on-finished" "^2.3.0"
    "only" "~0.0.2"
    "parseurl" "^1.3.2"
    "statuses" "^1.5.0"
    "type-is" "^1.6.16"
    "vary" "^1.1.2"

"koa2-cors@^2.0.6":
  "integrity" "sha512-JRCcSM4lamM+8kvKGDKlesYk2ASrmSTczDtGUnIadqMgnHU4Ct5Gw7Bxt3w3m6d6dy3WN0PU4oMP43HbddDEWg=="
  "resolved" "https://registry.npmjs.org/koa2-cors/-/koa2-cors-2.0.6.tgz"
  "version" "2.0.6"

"lodash@^4.17.21":
  "integrity" "sha512-v2kDEe57lecTulaDIuNTPy3Ry4gLGJ6Z1O3vE1krgXZNrsQ+LFTGHVxVjcXPs17LhbZVGedAJv8XZ1tvj5FvSg=="
  "resolved" "https://registry.npmjs.org/lodash/-/lodash-4.17.21.tgz"
  "version" "4.17.21"

"make-error@^1.1.1":
  "integrity" "sha512-s8UhlNe7vPKomQhC1qFelMokr/Sc3AgNbso3n74mVPA5LTZwkB9NlXf4XPamLxJE8h0gh73rM94xvwRT2CVInw=="
  "resolved" "https://registry.npmjs.org/make-error/-/make-error-1.3.6.tgz"
  "version" "1.3.6"

"media-typer@0.3.0":
  "integrity" "sha512-dq+qelQ9akHpcOl/gUVRTxVIOkAJ1wR3QAvb4RsVjS8oVoFjDGTc679wJYmUmknUF5HwMLOgb5O+a3KxfWapPQ=="
  "resolved" "https://registry.npmjs.org/media-typer/-/media-typer-0.3.0.tgz"
  "version" "0.3.0"

"methods@^1.1.2":
  "integrity" "sha512-iclAHeNqNm68zFtnZ0e+1L2yUIdvzNoauKU4WBA3VvH/vPFieF7qfRlwUZU+DA9P9bPXIS90ulxoUoCH23sV2w=="
  "resolved" "https://registry.npmjs.org/methods/-/methods-1.1.2.tgz"
  "version" "1.1.2"

"mime-db@1.52.0":
  "integrity" "sha512-sPU4uV7dYlvtWJxwwxHD0PuihVNiE7TyAbQ5SWxDCB9mUYvOgroQOwYQQOKPJ8CIbE+1ETVlOoK1UC2nU3gYvg=="
  "resolved" "https://registry.npmjs.org/mime-db/-/mime-db-1.52.0.tgz"
  "version" "1.52.0"

"mime-types@^2.1.18", "mime-types@~2.1.24", "mime-types@~2.1.34":
  "integrity" "sha512-ZDY+bPm5zTTF+YpCrAU9nK0UgICYPT0QtT1NZWFv4s++TNkcgVaT0g6+4R2uI4MjQjzysHB1zxuWL50hzaeXiw=="
  "resolved" "https://registry.npmjs.org/mime-types/-/mime-types-2.1.35.tgz"
  "version" "2.1.35"
  dependencies:
    "mime-db" "1.52.0"

"minimatch@^5.0.1":
  "integrity" "sha512-9TPBGGak4nHfGZsPBohm9AWg6NoT7QTCehS3BIJABslyZbzxfV78QM2Y6+i741OPZIafFAaiiEMh5OyIrJPgtg=="
  "resolved" "https://registry.npmjs.org/minimatch/-/minimatch-5.1.0.tgz"
  "version" "5.1.0"
  dependencies:
    "brace-expansion" "^2.0.1"

"ms@^2.1.2", "ms@2.1.2":
  "integrity" "sha512-sGkPx+VjMtmA6MX27oA4FBFELFCZZ4S4XqeGOXCv68tT+jb3vk/RyaKWP0PTKyWtmLSM0b+adUTEvbs1PEaH2w=="
  "resolved" "https://registry.npmjs.org/ms/-/ms-2.1.2.tgz"
  "version" "2.1.2"

"negotiator@0.6.3":
  "integrity" "sha512-+EUsqGPLsM+j/zdChZjsnX51g4XrHFOIXwfnCVPGlQk/k5giakcKsuxCObBRu6DSm9opw/O6slWbJdghQM4bBg=="
  "resolved" "https://registry.npmjs.org/negotiator/-/negotiator-0.6.3.tgz"
  "version" "0.6.3"

"object-inspect@^1.9.0":
  "integrity" "sha512-z+cPxW0QGUp0mcqcsgQyLVRDoXFQbXOwBaqyF7VIgI4TWNQsDHrBpUQslRmIfAoYWdYzs6UlKJtB2XJpTaNSpQ=="
  "resolved" "https://registry.npmjs.org/object-inspect/-/object-inspect-1.12.2.tgz"
  "version" "1.12.2"

"on-finished@^2.3.0":
  "integrity" "sha512-oVlzkg3ENAhCk2zdv7IJwd/QUD4z2RxRwpkcGY8psCVcCYZNq4wYnVWALHM+brtuJjePWiYF/ClmuDr8Ch5+kg=="
  "resolved" "https://registry.npmjs.org/on-finished/-/on-finished-2.4.1.tgz"
  "version" "2.4.1"
  dependencies:
    "ee-first" "1.1.1"

"once@^1.3.0":
  "integrity" "sha512-lNaJgI+2Q5URQBkccEKHTQOPaXdUxnZZElQTZY0MFUAuaEqe1E+Nyvgdz/aIyNi6Z9MzO5dv1H8n58/GELp3+w=="
  "resolved" "https://registry.npmjs.org/once/-/once-1.4.0.tgz"
  "version" "1.4.0"
  dependencies:
    "wrappy" "1"

"only@~0.0.2":
  "integrity" "sha512-Fvw+Jemq5fjjyWz6CpKx6w9s7xxqo3+JCyM0WXWeCSOboZ8ABkyvP8ID4CZuChA/wxSx+XSJmdOm8rGVyJ1hdQ=="
  "resolved" "https://registry.npmjs.org/only/-/only-0.0.2.tgz"
  "version" "0.0.2"

"parseurl@^1.3.2":
  "integrity" "sha512-CiyeOxFT/JZyN5m0z9PfXw4SCBJ6Sygz1Dpl0wqjlhDEGGBP1GnsUVEL0p63hoG1fcj3fHynXi9NYO4nWOL+qQ=="
  "resolved" "https://registry.npmjs.org/parseurl/-/parseurl-1.3.3.tgz"
  "version" "1.3.3"

"path-to-regexp@^6.2.1":
  "integrity" "sha512-JLyh7xT1kizaEvcaXOQwOc2/Yhw6KZOvPf1S8401UyLk86CU79LN3vl7ztXGm/pZ+YjoyAJ4rxmHwbkBXJX+yw=="
  "resolved" "https://registry.npmjs.org/path-to-regexp/-/path-to-regexp-6.2.1.tgz"
  "version" "6.2.1"

"qs@^6.5.2":
  "integrity" "sha512-MvjoMCJwEarSbUYk5O+nmoSzSutSsTwF85zcHPQ9OrlFoZOYIjaqBAJIqIXjptyD5vThxGq52Xu/MaJzRkIk4Q=="
  "resolved" "https://registry.npmjs.org/qs/-/qs-6.11.0.tgz"
  "version" "6.11.0"
  dependencies:
    "side-channel" "^1.0.4"

"raw-body@^2.3.3":
  "integrity" "sha512-qqJBtEyVgS0ZmPGdCFPWJ3FreoqvG4MVQln/kCgF7Olq95IbOp0/BWyMwbdtn4VTvkM8Y7khCQ2Xgk/tcrCXig=="
  "resolved" "https://registry.npmjs.org/raw-body/-/raw-body-2.5.1.tgz"
  "version" "2.5.1"
  dependencies:
    "bytes" "3.1.2"
    "http-errors" "2.0.0"
    "iconv-lite" "0.4.24"
    "unpipe" "1.0.0"

"require-directory@^2.1.1":
  "integrity" "sha512-fGxEI7+wsG9xrvdjsrlmL22OMTTiHRwAMroiEeMgq8gzoLC/PQr7RsRDSTLUg/bZAZtF+TVIkHc6/4RIKrui+Q=="
  "resolved" "https://registry.npmjs.org/require-directory/-/require-directory-2.1.1.tgz"
  "version" "2.1.1"

"safe-buffer@5.2.1":
  "integrity" "sha512-rp3So07KcdmmKbGvgaNxQSJr7bGVSVk5S9Eq1F+ppbRo70+YeaDxkw5Dd8NPN+GD6bjnYm2VuPuCXmpuYvmCXQ=="
  "resolved" "https://registry.npmjs.org/safe-buffer/-/safe-buffer-5.2.1.tgz"
  "version" "5.2.1"

"safer-buffer@>= 2.1.2 < 3":
  "integrity" "sha512-YZo3K82SD7Riyi0E1EQPojLz7kpepnSQI9IyPbHHg1XXXevb5dJI7tpyN2ADxGcQbHG7vcyRHk0cbwqcQriUtg=="
  "resolved" "https://registry.npmjs.org/safer-buffer/-/safer-buffer-2.1.2.tgz"
  "version" "2.1.2"

"setprototypeof@1.2.0":
  "integrity" "sha512-E5LDX7Wrp85Kil5bhZv46j8jOeboKq5JMmYM3gVGdGH8xFpPWXUMsNrlODCrkoxMEeNi/XZIwuRvY4XNwYMJpw=="
  "resolved" "https://registry.npmjs.org/setprototypeof/-/setprototypeof-1.2.0.tgz"
  "version" "1.2.0"

"side-channel@^1.0.4":
  "integrity" "sha512-q5XPytqFEIKHkGdiMIrY10mvLRvnQh42/+GoBlFW3b2LXLE2xxJpZFdm94we0BaoV3RwJyGqg5wS7epxTv0Zvw=="
  "resolved" "https://registry.npmjs.org/side-channel/-/side-channel-1.0.4.tgz"
  "version" "1.0.4"
  dependencies:
    "call-bind" "^1.0.0"
    "get-intrinsic" "^1.0.2"
    "object-inspect" "^1.9.0"

"statuses@^1.5.0", "statuses@>= 1.5.0 < 2":
  "integrity" "sha512-OpZ3zP+jT1PI7I8nemJX4AKmAX070ZkYPVWV/AaKTJl+tXCTGyVdC1a4SL8RUQYEwk/f34ZX8UTykN68FwrqAA=="
  "resolved" "https://registry.npmjs.org/statuses/-/statuses-1.5.0.tgz"
  "version" "1.5.0"

"statuses@2.0.1":
  "integrity" "sha512-RwNA9Z/7PrK06rYLIzFMlaF+l73iwpzsqRIFgbMLbTcLD6cOao82TaWefPXQvB2fOC4AjuYSEndS7N/mTCbkdQ=="
  "resolved" "https://registry.npmjs.org/statuses/-/statuses-2.0.1.tgz"
  "version" "2.0.1"

"toidentifier@1.0.1":
  "integrity" "sha512-o5sSPKEkg/DIQNmH43V0/uerLrpzVedkUh8tGNvaeXpfpuwjKenlSox/2O/BTlZUtEe+JG7s5YhEz608PlAHRA=="
  "resolved" "https://registry.npmjs.org/toidentifier/-/toidentifier-1.0.1.tgz"
  "version" "1.0.1"

"ts-node@^10.9.1":
  "integrity" "sha512-NtVysVPkxxrwFGUUxGYhfux8k78pQB3JqYBXlLRZgdGUqTO5wU/UyHop5p70iEbGhB7q5KmiZiU0Y3KlJrScEw=="
  "resolved" "https://registry.npmjs.org/ts-node/-/ts-node-10.9.1.tgz"
  "version" "10.9.1"
  dependencies:
    "@cspotcode/source-map-support" "^0.8.0"
    "@tsconfig/node10" "^1.0.7"
    "@tsconfig/node12" "^1.0.7"
    "@tsconfig/node14" "^1.0.0"
    "@tsconfig/node16" "^1.0.2"
    "acorn" "^8.4.1"
    "acorn-walk" "^8.1.1"
    "arg" "^4.1.0"
    "create-require" "^1.1.0"
    "diff" "^4.0.1"
    "make-error" "^1.1.1"
    "v8-compile-cache-lib" "^3.0.1"
    "yn" "3.1.1"

"tslib@^2.4.0":
  "integrity" "sha512-d6xOpEDfsi2CZVlPQzGeux8XMwLT9hssAsaPYExaQMuYskwb+x1x7J371tWlbBdWHroy99KnVB6qIkUbs5X3UQ=="
  "resolved" "https://registry.npmjs.org/tslib/-/tslib-2.4.0.tgz"
  "version" "2.4.0"

"tsscmp@1.0.6":
  "integrity" "sha512-LxhtAkPDTkVCMQjt2h6eBVY28KCjikZqZfMcC15YBeNjkgUpdCfBu5HoiOTDu86v6smE8yOjyEktJ8hlbANHQA=="
  "resolved" "https://registry.npmjs.org/tsscmp/-/tsscmp-1.0.6.tgz"
  "version" "1.0.6"

"type-is@^1.6.16":
  "integrity" "sha512-TkRKr9sUTxEH8MdfuCSP7VizJyzRNMjj2J2do2Jr3Kym598JVdEksuzPQCnlFPW4ky9Q+iA+ma9BGm06XQBy8g=="
  "resolved" "https://registry.npmjs.org/type-is/-/type-is-1.6.18.tgz"
  "version" "1.6.18"
  dependencies:
    "media-typer" "0.3.0"
    "mime-types" "~2.1.24"

"typescript@^4.8.4", "typescript@>=2.7":
  "integrity" "sha512-QCh+85mCy+h0IGff8r5XWzOVSbBO+KfeYrMQh7NJ58QujwcE22u+NUSmUxqF+un70P9GXKxa2HCNiTTMJknyjQ=="
  "resolved" "https://registry.npmjs.org/typescript/-/typescript-4.8.4.tgz"
  "version" "4.8.4"

"unpipe@1.0.0":
  "integrity" "sha512-pjy2bYhSsufwWlKwPc+l3cN7+wuJlK6uz0YdJEOlQDbl6jo/YlPi4mb8agUkVC8BF7V8NuzeyPNqRksA3hztKQ=="
  "resolved" "https://registry.npmjs.org/unpipe/-/unpipe-1.0.0.tgz"
  "version" "1.0.0"

"v8-compile-cache-lib@^3.0.1":
  "integrity" "sha512-wa7YjyUGfNZngI/vtK0UHAN+lgDCxBPCylVXGp0zu59Fz5aiGtNXaq3DhIov063MorB+VfufLh3JlF2KdTK3xg=="
  "resolved" "https://registry.npmjs.org/v8-compile-cache-lib/-/v8-compile-cache-lib-3.0.1.tgz"
  "version" "3.0.1"

"vary@^1.1.2":
  "integrity" "sha512-BNGbWLfd0eUPabhkXUVm0j8uuvREyTh5ovRa/dyow/BqAbZJyC+5fU+IzQOzmAKzYqYRAISoRhdQr3eIZ/PXqg=="
  "resolved" "https://registry.npmjs.org/vary/-/vary-1.1.2.tgz"
  "version" "1.1.2"

"wrappy@1":
  "integrity" "sha512-l4Sp/DRseor9wL6EvV2+TuQn63dMkPjZ/sp9XkghTEbV9KlPS1xUsZ3u7/IQO4wxtcFB4bgpQPRcR3QCvezPcQ=="
  "resolved" "https://registry.npmjs.org/wrappy/-/wrappy-1.0.2.tgz"
  "version" "1.0.2"

"ylru@^1.2.0":
  "integrity" "sha512-RXRJzMiK6U2ye0BlGGZnmpwJDPgakn6aNQ0A7gHRbD4I0uvK4TW6UqkK1V0pp9jskjJBAXd3dRrbzWkqJ+6cxA=="
  "resolved" "https://registry.npmjs.org/ylru/-/ylru-1.3.2.tgz"
  "version" "1.3.2"

"yn@3.1.1":
  "integrity" "sha512-Ux4ygGWsu2c7isFWe8Yu1YluJmqVhxqK2cLXNQA5AcC3QfbGNpM7fu0Y8b/z16pXLnFxZYvWhd3fhBY9DLmC6Q=="
  "resolved" "https://registry.npmjs.org/yn/-/yn-3.1.1.tgz"
  "version" "3.1.1"
